
Microsoft Visual Studio Solution File, Format Version 12.00
# Visual Studio 15
VisualStudioVersion = 15.0.26430.13
MinimumVisualStudioVersion = 10.0.40219.1
Project("{8BC9CEB8-8B4A-11D0-8D11-00A0C91BC942}") = "vectorizedCarsEvolution", "vectorizedCarsEvolution.vcxproj", "{13EFBD9D-9AF9-49C8-87CF-F3952F0267C5}"
EndProject
Project("{8BC9CEB8-8B4A-11D0-8D11-00A0C91BC942}") = "vectorizedMathUtils", "..\vectorizedMathUtils\vectorizedMathUtils.vcxproj", "{61892354-05EB-469F-B253-B6801181CFE9}"
EndProject
Global
	GlobalSection(SolutionConfigurationPlatforms) = preSolution
		Debug|x64 = Debug|x64
		Debug|x86 = Debug|x86
		Release|x64 = Release|x64
		Release|x86 = Release|x86
	EndGlobalSection
	GlobalSection(ProjectConfigurationPlatforms) = postSolution
		{13EFBD9D-9AF9-49C8-87CF-F3952F0267C5}.Debug|x64.ActiveCfg = Debug|x64
		{13EFBD9D-9AF9-49C8-87CF-F3952F0267C5}.Debug|x64.Build.0 = Debug|x64
		{13EFBD9D-9AF9-49C8-87CF-F3952F0267C5}.Debug|x86.ActiveCfg = Debug|Win32
		{13EFBD9D-9AF9-49C8-87CF-F3952F0267C5}.Debug|x86.Build.0 = Debug|Win32
		{13EFBD9D-9AF9-49C8-87CF-F3952F0267C5}.Release|x64.ActiveCfg = Release|x64
		{13EFBD9D-9AF9-49C8-87CF-F3952F0267C5}.Release|x64.Build.0 = Release|x64
		{13EFBD9D-9AF9-49C8-87CF-F3952F0267C5}.Release|x86.ActiveCfg = Release|Win32
		{13EFBD9D-9AF9-49C8-87CF-F3952F0267C5}.Release|x86.Build.0 = Release|Win32
		{61892354-05EB-469F-B253-B6801181CFE9}.Debug|x64.ActiveCfg = Debug|x64
		{61892354-05EB-469F-B253-B6801181CFE9}.Debug|x64.Build.0 = Debug|x64
		{61892354-05EB-469F-B253-B6801181CFE9}.Debug|x86.ActiveCfg = Debug|Win32
		{61892354-05EB-469F-B253-B6801181CFE9}.Debug|x86.Build.0 = Debug|Win32
		{61892354-05EB-469F-B253-B6801181CFE9}.Release|x64.ActiveCfg = Release|x64
		{61892354-05EB-469F-B253-B6801181CFE9}.Release|x64.Build.0 = Release|x64
		{61892354-05EB-469F-B253-B6801181CFE9}.Release|x86.ActiveCfg = Release|Win32
		{61892354-05EB-469F-B253-B6801181CFE9}.Release|x86.Build.0 = Release|Win32
	EndGlobalSection
	GlobalSection(SolutionProperties) = preSolution
		HideSolutionNode = FALSE
	EndGlobalSection
EndGlobal
